
Microsoft Visual Studio Solution File, Format Version 12.00
# Visual Studio Version 17
VisualStudioVersion = 17.2.32526.322
MinimumVisualStudioVersion = 10.0.40219.1
Project("{FAE04EC0-301F-11D3-BF4B-00C04F79EFBC}") = "Platinum", "Platinum\Platinum.csproj", "{4BD00DE3-AA6E-4C95-911F-53857175EF8B}"
EndProject
Global
	GlobalSection(SolutionConfigurationPlatforms) = preSolution
		Debug|Any CPU = Debug|Any CPU
		Release|Any CPU = Release|Any CPU
	EndGlobalSection
	GlobalSection(ProjectConfigurationPlatforms) = postSolution
		{4BD00DE3-AA6E-4C95-911F-53857175EF8B}.Debug|Any CPU.ActiveCfg = Debug|Any CPU
		{4BD00DE3-AA6E-4C95-911F-53857175EF8B}.Debug|Any CPU.Build.0 = Debug|Any CPU
		{4BD00DE3-AA6E-4C95-911F-53857175EF8B}.Release|Any CPU.ActiveCfg = Release|Any CPU
		{4BD00DE3-AA6E-4C95-911F-53857175EF8B}.Release|Any CPU.Build.0 = Release|Any CPU
	EndGlobalSection
	GlobalSection(SolutionProperties) = preSolution
		HideSolutionNode = FALSE
	EndGlobalSection
	GlobalSection(ExtensibilityGlobals) = postSolution
		SolutionGuid = {17AB920A-D373-4C19-B4D3-0870B00FF461}
	EndGlobalSection
EndGlobal
